
Microsoft Visual Studio Solution File, Format Version 12.00
# Visual Studio Version 16
VisualStudioVersion = 16.0.32929.386
MinimumVisualStudioVersion = 10.0.40219.1
Project("{FAE04EC0-301F-11D3-BF4B-00C04F79EFBC}") = "TableauEx3", "TableauEx3\TableauEx3.csproj", "{568B13A3-66C9-4BDD-982A-F39A37710D49}"
EndProject
Global
	GlobalSection(SolutionConfigurationPlatforms) = preSolution
		Debug|Any CPU = Debug|Any CPU
		Release|Any CPU = Release|Any CPU
	EndGlobalSection
	GlobalSection(ProjectConfigurationPlatforms) = postSolution
		{568B13A3-66C9-4BDD-982A-F39A37710D49}.Debug|Any CPU.ActiveCfg = Debug|Any CPU
		{568B13A3-66C9-4BDD-982A-F39A37710D49}.Debug|Any CPU.Build.0 = Debug|Any CPU
		{568B13A3-66C9-4BDD-982A-F39A37710D49}.Release|Any CPU.ActiveCfg = Release|Any CPU
		{568B13A3-66C9-4BDD-982A-F39A37710D49}.Release|Any CPU.Build.0 = Release|Any CPU
	EndGlobalSection
	GlobalSection(SolutionProperties) = preSolution
		HideSolutionNode = FALSE
	EndGlobalSection
	GlobalSection(ExtensibilityGlobals) = postSolution
		SolutionGuid = {C5E1DB40-939E-40BD-90FF-DB6E19016CD9}
	EndGlobalSection
EndGlobal
